// !$*UTF8*$!
{
	archiveVersion = 1;
	classes = {
	};
	objectVersion = 56;
	objects = {

/* Begin PBXBuildFile section */
		FC0CCE602C5E672F00202D1B /* Localizable.xcstrings in Resources */ = {isa = PBXBuildFile; fileRef = FC0CCE5F2C5E672F00202D1B /* Localizable.xcstrings */; };
		FC0CCE672C5E697E00202D1B /* DatePickerViewControllerConfigure.swift in Sources */ = {isa = PBXBuildFile; fileRef = FC0CCE662C5E697E00202D1B /* DatePickerViewControllerConfigure.swift */; };
		FC0CCE692C5EBC1A00202D1B /* CustomButton.swift in Sources */ = {isa = PBXBuildFile; fileRef = FC0CCE682C5EBC1A00202D1B /* CustomButton.swift */; };
		FC42D60D2C5E5EB800650093 /* AppDelegate.swift in Sources */ = {isa = PBXBuildFile; fileRef = FC42D60C2C5E5EB800650093 /* AppDelegate.swift */; };
		FC42D60F2C5E5EB800650093 /* SceneDelegate.swift in Sources */ = {isa = PBXBuildFile; fileRef = FC42D60E2C5E5EB800650093 /* SceneDelegate.swift */; };
		FC42D6162C5E5EBA00650093 /* Assets.xcassets in Resources */ = {isa = PBXBuildFile; fileRef = FC42D6152C5E5EBA00650093 /* Assets.xcassets */; };
		FC42D6192C5E5EBA00650093 /* Base in Resources */ = {isa = PBXBuildFile; fileRef = FC42D6182C5E5EBA00650093 /* Base */; };
		FC42D6252C5E618E00650093 /* DatePickerViewController.swift in Sources */ = {isa = PBXBuildFile; fileRef = FC42D6242C5E618E00650093 /* DatePickerViewController.swift */; };
		FC42D6282C5E621600650093 /* SnapKit in Frameworks */ = {isa = PBXBuildFile; productRef = FC42D6272C5E621600650093 /* SnapKit */; };
/* End PBXBuildFile section */

/* Begin PBXFileReference section */
		FC0CCE5F2C5E672F00202D1B /* Localizable.xcstrings */ = {isa = PBXFileReference; lastKnownFileType = text.json.xcstrings; path = Localizable.xcstrings; sourceTree = "<group>"; };
		FC0CCE642C5E676B00202D1B /* en */ = {isa = PBXFileReference; lastKnownFileType = text.plist.strings; name = en; path = en.lproj/LaunchScreen.strings; sourceTree = "<group>"; };
		FC0CCE662C5E697E00202D1B /* DatePickerViewControllerConfigure.swift */ = {isa = PBXFileReference; lastKnownFileType = sourcecode.swift; path = DatePickerViewControllerConfigure.swift; sourceTree = "<group>"; };
		FC0CCE682C5EBC1A00202D1B /* CustomButton.swift */ = {isa = PBXFileReference; lastKnownFileType = sourcecode.swift; path = CustomButton.swift; sourceTree = "<group>"; };
		FC42D6092C5E5EB800650093 /* WhatTheDay.app */ = {isa = PBXFileReference; explicitFileType = wrapper.application; includeInIndex = 0; path = WhatTheDay.app; sourceTree = BUILT_PRODUCTS_DIR; };
		FC42D60C2C5E5EB800650093 /* AppDelegate.swift */ = {isa = PBXFileReference; lastKnownFileType = sourcecode.swift; path = AppDelegate.swift; sourceTree = "<group>"; };
		FC42D60E2C5E5EB800650093 /* SceneDelegate.swift */ = {isa = PBXFileReference; lastKnownFileType = sourcecode.swift; path = SceneDelegate.swift; sourceTree = "<group>"; };
		FC42D6152C5E5EBA00650093 /* Assets.xcassets */ = {isa = PBXFileReference; lastKnownFileType = folder.assetcatalog; path = Assets.xcassets; sourceTree = "<group>"; };
		FC42D6182C5E5EBA00650093 /* Base */ = {isa = PBXFileReference; lastKnownFileType = file.storyboard; name = Base; path = Base.lproj/LaunchScreen.storyboard; sourceTree = "<group>"; };
		FC42D61A2C5E5EBA00650093 /* Info.plist */ = {isa = PBXFileReference; lastKnownFileType = text.plist.xml; path = Info.plist; sourceTree = "<group>"; };
		FC42D6242C5E618E00650093 /* DatePickerViewController.swift */ = {isa = PBXFileReference; lastKnownFileType = sourcecode.swift; path = DatePickerViewController.swift; sourceTree = "<group>"; };
/* End PBXFileReference section */

/* Begin PBXFrameworksBuildPhase section */
		FC42D6062C5E5EB800650093 /* Frameworks */ = {
			isa = PBXFrameworksBuildPhase;
			buildActionMask = 2147483647;
			files = (
				FC42D6282C5E621600650093 /* SnapKit in Frameworks */,
			);
			runOnlyForDeploymentPostprocessing = 0;
		};
/* End PBXFrameworksBuildPhase section */

/* Begin PBXGroup section */
		FC0CCE652C5E692B00202D1B /* DatePicker */ = {
			isa = PBXGroup;
			children = (
				FC42D6242C5E618E00650093 /* DatePickerViewController.swift */,
				FC0CCE662C5E697E00202D1B /* DatePickerViewControllerConfigure.swift */,
			);
			path = DatePicker;
			sourceTree = "<group>";
		};
		FC42D6002C5E5EB700650093 = {
			isa = PBXGroup;
			children = (
				FC42D60B2C5E5EB800650093 /* WhatTheDay */,
				FC42D60A2C5E5EB800650093 /* Products */,
			);
			sourceTree = "<group>";
		};
		FC42D60A2C5E5EB800650093 /* Products */ = {
			isa = PBXGroup;
			children = (
				FC42D6092C5E5EB800650093 /* WhatTheDay.app */,
			);
			name = Products;
			sourceTree = "<group>";
		};
		FC42D60B2C5E5EB800650093 /* WhatTheDay */ = {
			isa = PBXGroup;
			children = (
				FC42D6202C5E60A100650093 /* App */,
				FC42D6232C5E60E700650093 /* Models */,
				FC42D6222C5E60CD00650093 /* Views */,
				FC42D6212C5E60B100650093 /* Resourses */,
			);
			path = WhatTheDay;
			sourceTree = "<group>";
		};
		FC42D6202C5E60A100650093 /* App */ = {
			isa = PBXGroup;
			children = (
				FC42D60C2C5E5EB800650093 /* AppDelegate.swift */,
				FC42D60E2C5E5EB800650093 /* SceneDelegate.swift */,
			);
			path = App;
			sourceTree = "<group>";
		};
		FC42D6212C5E60B100650093 /* Resourses */ = {
			isa = PBXGroup;
			children = (
				FC42D6152C5E5EBA00650093 /* Assets.xcassets */,
				FC42D61A2C5E5EBA00650093 /* Info.plist */,
				FC0CCE5F2C5E672F00202D1B /* Localizable.xcstrings */,
			);
			path = Resourses;
			sourceTree = "<group>";
		};
		FC42D6222C5E60CD00650093 /* Views */ = {
			isa = PBXGroup;
			children = (
				FC42D62B2C5E632400650093 /* Screens */,
				FC42D6292C5E622B00650093 /* Components */,
			);
			path = Views;
			sourceTree = "<group>";
		};
		FC42D6232C5E60E700650093 /* Models */ = {
			isa = PBXGroup;
			children = (
			);
			path = Models;
			sourceTree = "<group>";
		};
		FC42D6292C5E622B00650093 /* Components */ = {
			isa = PBXGroup;
			children = (
				FC0CCE682C5EBC1A00202D1B /* CustomButton.swift */,
			);
			path = Components;
			sourceTree = "<group>";
		};
		FC42D62B2C5E632400650093 /* Screens */ = {
			isa = PBXGroup;
			children = (
				FC0CCE652C5E692B00202D1B /* DatePicker */,
				FC42D6172C5E5EBA00650093 /* LaunchScreen.storyboard */,
			);
			path = Screens;
			sourceTree = "<group>";
		};
/* End PBXGroup section */

/* Begin PBXNativeTarget section */
		FC42D6082C5E5EB800650093 /* WhatTheDay */ = {
			isa = PBXNativeTarget;
			buildConfigurationList = FC42D61D2C5E5EBA00650093 /* Build configuration list for PBXNativeTarget "WhatTheDay" */;
			buildPhases = (
				FC42D6052C5E5EB800650093 /* Sources */,
				FC42D6062C5E5EB800650093 /* Frameworks */,
				FC42D6072C5E5EB800650093 /* Resources */,
			);
			buildRules = (
			);
			dependencies = (
			);
			name = WhatTheDay;
			packageProductDependencies = (
				FC42D6272C5E621600650093 /* SnapKit */,
			);
			productName = WhatTheDay;
			productReference = FC42D6092C5E5EB800650093 /* WhatTheDay.app */;
			productType = "com.apple.product-type.application";
		};
/* End PBXNativeTarget section */

/* Begin PBXProject section */
		FC42D6012C5E5EB700650093 /* Project object */ = {
			isa = PBXProject;
			attributes = {
				BuildIndependentTargetsInParallel = 1;
				LastSwiftUpdateCheck = 1540;
				LastUpgradeCheck = 1540;
				TargetAttributes = {
					FC42D6082C5E5EB800650093 = {
						CreatedOnToolsVersion = 15.4;
					};
				};
			};
			buildConfigurationList = FC42D6042C5E5EB700650093 /* Build configuration list for PBXProject "WhatTheDay" */;
			compatibilityVersion = "Xcode 14.0";
			developmentRegion = en;
			hasScannedForEncodings = 0;
			knownRegions = (
				en,
				Base,
				ru,
			);
			mainGroup = FC42D6002C5E5EB700650093;
			packageReferences = (
				FC42D6262C5E621600650093 /* XCRemoteSwiftPackageReference "SnapKit" */,
			);
			productRefGroup = FC42D60A2C5E5EB800650093 /* Products */;
			projectDirPath = "";
			projectRoot = "";
			targets = (
				FC42D6082C5E5EB800650093 /* WhatTheDay */,
			);
		};
/* End PBXProject section */

/* Begin PBXResourcesBuildPhase section */
		FC42D6072C5E5EB800650093 /* Resources */ = {
			isa = PBXResourcesBuildPhase;
			buildActionMask = 2147483647;
			files = (
				FC42D6162C5E5EBA00650093 /* Assets.xcassets in Resources */,
				FC42D6192C5E5EBA00650093 /* Base in Resources */,
				FC0CCE602C5E672F00202D1B /* Localizable.xcstrings in Resources */,
			);
			runOnlyForDeploymentPostprocessing = 0;
		};
/* End PBXResourcesBuildPhase section */

/* Begin PBXSourcesBuildPhase section */
		FC42D6052C5E5EB800650093 /* Sources */ = {
			isa = PBXSourcesBuildPhase;
			buildActionMask = 2147483647;
			files = (
				FC42D60D2C5E5EB800650093 /* AppDelegate.swift in Sources */,
				FC42D60F2C5E5EB800650093 /* SceneDelegate.swift in Sources */,
				FC42D6252C5E618E00650093 /* DatePickerViewController.swift in Sources */,
				FC0CCE672C5E697E00202D1B /* DatePickerViewControllerConfigure.swift in Sources */,
				FC0CCE692C5EBC1A00202D1B /* CustomButton.swift in Sources */,
			);
			runOnlyForDeploymentPostprocessing = 0;
		};
/* End PBXSourcesBuildPhase section */

/* Begin PBXVariantGroup section */
		FC42D6172C5E5EBA00650093 /* LaunchScreen.storyboard */ = {
			isa = PBXVariantGroup;
			children = (
				FC42D6182C5E5EBA00650093 /* Base */,
				FC0CCE642C5E676B00202D1B /* en */,
			);
			name = LaunchScreen.storyboard;
			sourceTree = "<group>";
		};
/* End PBXVariantGroup section */

/* Begin XCBuildConfiguration section */
		FC42D61B2C5E5EBA00650093 /* Debug */ = {
			isa = XCBuildConfiguration;
			buildSettings = {
				ALWAYS_SEARCH_USER_PATHS = NO;
				ASSETCATALOG_COMPILER_GENERATE_SWIFT_ASSET_SYMBOL_EXTENSIONS = YES;
				CLANG_ANALYZER_LOCALIZABILITY_NONLOCALIZED = YES;
				CLANG_ANALYZER_NONNULL = YES;
				CLANG_ANALYZER_NUMBER_OBJECT_CONVERSION = YES_AGGRESSIVE;
				CLANG_CXX_LANGUAGE_STANDARD = "gnu++20";
				CLANG_ENABLE_MODULES = YES;
				CLANG_ENABLE_OBJC_ARC = YES;
				CLANG_ENABLE_OBJC_WEAK = YES;
				CLANG_WARN_BLOCK_CAPTURE_AUTORELEASING = YES;
				CLANG_WARN_BOOL_CONVERSION = YES;
				CLANG_WARN_COMMA = YES;
				CLANG_WARN_CONSTANT_CONVERSION = YES;
				CLANG_WARN_DEPRECATED_OBJC_IMPLEMENTATIONS = YES;
				CLANG_WARN_DIRECT_OBJC_ISA_USAGE = YES_ERROR;
				CLANG_WARN_DOCUMENTATION_COMMENTS = YES;
				CLANG_WARN_EMPTY_BODY = YES;
				CLANG_WARN_ENUM_CONVERSION = YES;
				CLANG_WARN_INFINITE_RECURSION = YES;
				CLANG_WARN_INT_CONVERSION = YES;
				CLANG_WARN_NON_LITERAL_NULL_CONVERSION = YES;
				CLANG_WARN_OBJC_IMPLICIT_RETAIN_SELF = YES;
				CLANG_WARN_OBJC_LITERAL_CONVERSION = YES;
				CLANG_WARN_OBJC_ROOT_CLASS = YES_ERROR;
				CLANG_WARN_QUOTED_INCLUDE_IN_FRAMEWORK_HEADER = YES;
				CLANG_WARN_RANGE_LOOP_ANALYSIS = YES;
				CLANG_WARN_STRICT_PROTOTYPES = YES;
				CLANG_WARN_SUSPICIOUS_MOVE = YES;
				CLANG_WARN_UNGUARDED_AVAILABILITY = YES_AGGRESSIVE;
				CLANG_WARN_UNREACHABLE_CODE = YES;
				CLANG_WARN__DUPLICATE_METHOD_MATCH = YES;
				COPY_PHASE_STRIP = NO;
				DEBUG_INFORMATION_FORMAT = dwarf;
				ENABLE_STRICT_OBJC_MSGSEND = YES;
				ENABLE_TESTABILITY = YES;
				ENABLE_USER_SCRIPT_SANDBOXING = YES;
				GCC_C_LANGUAGE_STANDARD = gnu17;
				GCC_DYNAMIC_NO_PIC = NO;
				GCC_NO_COMMON_BLOCKS = YES;
				GCC_OPTIMIZATION_LEVEL = 0;
				GCC_PREPROCESSOR_DEFINITIONS = (
					"DEBUG=1",
					"$(inherited)",
				);
				GCC_WARN_64_TO_32_BIT_CONVERSION = YES;
				GCC_WARN_ABOUT_RETURN_TYPE = YES_ERROR;
				GCC_WARN_UNDECLARED_SELECTOR = YES;
				GCC_WARN_UNINITIALIZED_AUTOS = YES_AGGRESSIVE;
				GCC_WARN_UNUSED_FUNCTION = YES;
				GCC_WARN_UNUSED_VARIABLE = YES;
				IPHONEOS_DEPLOYMENT_TARGET = 16.0;
				LOCALIZATION_PREFERS_STRING_CATALOGS = YES;
				MTL_ENABLE_DEBUG_INFO = INCLUDE_SOURCE;
				MTL_FAST_MATH = YES;
				ONLY_ACTIVE_ARCH = YES;
				SDKROOT = iphoneos;
				SWIFT_ACTIVE_COMPILATION_CONDITIONS = "DEBUG $(inherited)";
				SWIFT_OPTIMIZATION_LEVEL = "-Onone";
			};
			name = Debug;
		};
		FC42D61C2C5E5EBA00650093 /* Release */ = {
			isa = XCBuildConfiguration;
			buildSettings = {
				ALWAYS_SEARCH_USER_PATHS = NO;
				ASSETCATALOG_COMPILER_GENERATE_SWIFT_ASSET_SYMBOL_EXTENSIONS = YES;
				CLANG_ANALYZER_LOCALIZABILITY_NONLOCALIZED = YES;
				CLANG_ANALYZER_NONNULL = YES;
				CLANG_ANALYZER_NUMBER_OBJECT_CONVERSION = YES_AGGRESSIVE;
				CLANG_CXX_LANGUAGE_STANDARD = "gnu++20";
				CLANG_ENABLE_MODULES = YES;
				CLANG_ENABLE_OBJC_ARC = YES;
				CLANG_ENABLE_OBJC_WEAK = YES;
				CLANG_WARN_BLOCK_CAPTURE_AUTORELEASING = YES;
				CLANG_WARN_BOOL_CONVERSION = YES;
				CLANG_WARN_COMMA = YES;
				CLANG_WARN_CONSTANT_CONVERSION = YES;
				CLANG_WARN_DEPRECATED_OBJC_IMPLEMENTATIONS = YES;
				CLANG_WARN_DIRECT_OBJC_ISA_USAGE = YES_ERROR;
				CLANG_WARN_DOCUMENTATION_COMMENTS = YES;
				CLANG_WARN_EMPTY_BODY = YES;
				CLANG_WARN_ENUM_CONVERSION = YES;
				CLANG_WARN_INFINITE_RECURSION = YES;
				CLANG_WARN_INT_CONVERSION = YES;
				CLANG_WARN_NON_LITERAL_NULL_CONVERSION = YES;
				CLANG_WARN_OBJC_IMPLICIT_RETAIN_SELF = YES;
				CLANG_WARN_OBJC_LITERAL_CONVERSION = YES;
				CLANG_WARN_OBJC_ROOT_CLASS = YES_ERROR;
				CLANG_WARN_QUOTED_INCLUDE_IN_FRAMEWORK_HEADER = YES;
				CLANG_WARN_RANGE_LOOP_ANALYSIS = YES;
				CLANG_WARN_STRICT_PROTOTYPES = YES;
				CLANG_WARN_SUSPICIOUS_MOVE = YES;
				CLANG_WARN_UNGUARDED_AVAILABILITY = YES_AGGRESSIVE;
				CLANG_WARN_UNREACHABLE_CODE = YES;
				CLANG_WARN__DUPLICATE_METHOD_MATCH = YES;
				COPY_PHASE_STRIP = NO;
				DEBUG_INFORMATION_FORMAT = "dwarf-with-dsym";
				ENABLE_NS_ASSERTIONS = NO;
				ENABLE_STRICT_OBJC_MSGSEND = YES;
				ENABLE_USER_SCRIPT_SANDBOXING = YES;
				GCC_C_LANGUAGE_STANDARD = gnu17;
				GCC_NO_COMMON_BLOCKS = YES;
				GCC_WARN_64_TO_32_BIT_CONVERSION = YES;
				GCC_WARN_ABOUT_RETURN_TYPE = YES_ERROR;
				GCC_WARN_UNDECLARED_SELECTOR = YES;
				GCC_WARN_UNINITIALIZED_AUTOS = YES_AGGRESSIVE;
				GCC_WARN_UNUSED_FUNCTION = YES;
				GCC_WARN_UNUSED_VARIABLE = YES;
				IPHONEOS_DEPLOYMENT_TARGET = 16.0;
				LOCALIZATION_PREFERS_STRING_CATALOGS = YES;
				MTL_ENABLE_DEBUG_INFO = NO;
				MTL_FAST_MATH = YES;
				SDKROOT = iphoneos;
				SWIFT_COMPILATION_MODE = wholemodule;
				VALIDATE_PRODUCT = YES;
			};
			name = Release;
		};
		FC42D61E2C5E5EBA00650093 /* Debug */ = {
			isa = XCBuildConfiguration;
			buildSettings = {
				ASSETCATALOG_COMPILER_APPICON_NAME = AppIcon;
				ASSETCATALOG_COMPILER_GLOBAL_ACCENT_COLOR_NAME = AccentColor;
				CODE_SIGN_STYLE = Automatic;
				CURRENT_PROJECT_VERSION = 1;
				DEVELOPMENT_TEAM = BUF892U9LY;
				GENERATE_INFOPLIST_FILE = YES;
				INFOPLIST_FILE = WhatTheDay/Resourses/Info.plist;
				INFOPLIST_KEY_UIApplicationSupportsIndirectInputEvents = YES;
				INFOPLIST_KEY_UILaunchStoryboardName = LaunchScreen;
				INFOPLIST_KEY_UISupportedInterfaceOrientations_iPad = "UIInterfaceOrientationPortrait UIInterfaceOrientationPortraitUpsideDown UIInterfaceOrientationLandscapeLeft UIInterfaceOrientationLandscapeRight";
				INFOPLIST_KEY_UISupportedInterfaceOrientations_iPhone = "UIInterfaceOrientationPortrait UIInterfaceOrientationLandscapeLeft UIInterfaceOrientationLandscapeRight";
				LD_RUNPATH_SEARCH_PATHS = (
					"$(inherited)",
					"@executable_path/Frameworks",
				);
				MARKETING_VERSION = 1.0;
				PRODUCT_BUNDLE_IDENTIFIER = pet.WhatTheDay;
				PRODUCT_NAME = "$(TARGET_NAME)";
				SWIFT_EMIT_LOC_STRINGS = YES;
				SWIFT_VERSION = 5.0;
				TARGETED_DEVICE_FAMILY = "1,2";
			};
			name = Debug;
		};
		FC42D61F2C5E5EBA00650093 /* Release */ = {
			isa = XCBuildConfiguration;
			buildSettings = {
				ASSETCATALOG_COMPILER_APPICON_NAME = AppIcon;
				ASSETCATALOG_COMPILER_GLOBAL_ACCENT_COLOR_NAME = AccentColor;
				CODE_SIGN_STYLE = Automatic;
				CURRENT_PROJECT_VERSION = 1;
				DEVELOPMENT_TEAM = BUF892U9LY;
				GENERATE_INFOPLIST_FILE = YES;
				INFOPLIST_FILE = WhatTheDay/Resourses/Info.plist;
				INFOPLIST_KEY_UIApplicationSupportsIndirectInputEvents = YES;
				INFOPLIST_KEY_UILaunchStoryboardName = LaunchScreen;
				INFOPLIST_KEY_UISupportedInterfaceOrientations_iPad = "UIInterfaceOrientationPortrait UIInterfaceOrientationPortraitUpsideDown UIInterfaceOrientationLandscapeLeft UIInterfaceOrientationLandscapeRight";
				INFOPLIST_KEY_UISupportedInterfaceOrientations_iPhone = "UIInterfaceOrientationPortrait UIInterfaceOrientationLandscapeLeft UIInterfaceOrientationLandscapeRight";
				LD_RUNPATH_SEARCH_PATHS = (
					"$(inherited)",
					"@executable_path/Frameworks",
				);
				MARKETING_VERSION = 1.0;
				PRODUCT_BUNDLE_IDENTIFIER = pet.WhatTheDay;
				PRODUCT_NAME = "$(TARGET_NAME)";
				SWIFT_EMIT_LOC_STRINGS = YES;
				SWIFT_VERSION = 5.0;
				TARGETED_DEVICE_FAMILY = "1,2";
			};
			name = Release;
		};
/* End XCBuildConfiguration section */

/* Begin XCConfigurationList section */
		FC42D6042C5E5EB700650093 /* Build configuration list for PBXProject "WhatTheDay" */ = {
			isa = XCConfigurationList;
			buildConfigurations = (
				FC42D61B2C5E5EBA00650093 /* Debug */,
				FC42D61C2C5E5EBA00650093 /* Release */,
			);
			defaultConfigurationIsVisible = 0;
			defaultConfigurationName = Release;
		};
		FC42D61D2C5E5EBA00650093 /* Build configuration list for PBXNativeTarget "WhatTheDay" */ = {
			isa = XCConfigurationList;
			buildConfigurations = (
				FC42D61E2C5E5EBA00650093 /* Debug */,
				FC42D61F2C5E5EBA00650093 /* Release */,
			);
			defaultConfigurationIsVisible = 0;
			defaultConfigurationName = Release;
		};
/* End XCConfigurationList section */

/* Begin XCRemoteSwiftPackageReference section */
		FC42D6262C5E621600650093 /* XCRemoteSwiftPackageReference "SnapKit" */ = {
			isa = XCRemoteSwiftPackageReference;
			repositoryURL = "https://github.com/SnapKit/SnapKit";
			requirement = {
				kind = upToNextMajorVersion;
				minimumVersion = 5.7.1;
			};
		};
/* End XCRemoteSwiftPackageReference section */

/* Begin XCSwiftPackageProductDependency section */
		FC42D6272C5E621600650093 /* SnapKit */ = {
			isa = XCSwiftPackageProductDependency;
			package = FC42D6262C5E621600650093 /* XCRemoteSwiftPackageReference "SnapKit" */;
			productName = SnapKit;
		};
/* End XCSwiftPackageProductDependency section */
	};
	rootObject = FC42D6012C5E5EB700650093 /* Project object */;
}
