// !$*UTF8*$!
{
	archiveVersion = 1;
	classes = {
	};
	objectVersion = 56;
	objects = {

/* Begin PBXBuildFile section */
		FC0CCE602C5E672F00202D1B /* Localizable.xcstrings in Resources */ = {isa = PBXBuildFile; fileRef = FC0CCE5F2C5E672F00202D1B /* Localizable.xcstrings */; };
		FC0CCE672C5E697E00202D1B /* DatePickerViewControllerConfigure.swift in Sources */ = {isa = PBXBuildFile; fileRef = FC0CCE662C5E697E00202D1B /* DatePickerViewControllerConfigure.swift */; };
		FC0CCE692C5EBC1A00202D1B /* CustomButton.swift in Sources */ = {isa = PBXBuildFile; fileRef = FC0CCE682C5EBC1A00202D1B /* CustomButton.swift */; };
		FC0CCE6C2C5ECB4700202D1B /* DateInformationViewController.swift in Sources */ = {isa = PBXBuildFile; fileRef = FC0CCE6B2C5ECB4700202D1B /* DateInformationViewController.swift */; };
		FC0CCE6F2C5ECD1600202D1B /* NetworkManager.swift in Sources */ = {isa = PBXBuildFile; fileRef = FC0CCE6E2C5ECD1600202D1B /* NetworkManager.swift */; };
		FC0CCE762C5EE3F400202D1B /* BaseViewController.swift in Sources */ = {isa = PBXBuildFile; fileRef = FC0CCE752C5EE3F400202D1B /* BaseViewController.swift */; };
		FC0CCE7E2C5F889700202D1B /* DateInformationViewControllerConfigure.swift in Sources */ = {isa = PBXBuildFile; fileRef = FC0CCE7D2C5F889700202D1B /* DateInformationViewControllerConfigure.swift */; };
		FC0CCE812C61038E00202D1B /* UnsplashResponse.swift in Sources */ = {isa = PBXBuildFile; fileRef = FC0CCE802C61038E00202D1B /* UnsplashResponse.swift */; };
		FC0CCE872C61098500202D1B /* DatePickerViewControllerLoaderLogic.swift in Sources */ = {isa = PBXBuildFile; fileRef = FC0CCE862C61098500202D1B /* DatePickerViewControllerLoaderLogic.swift */; };
		FC0CCE892C6109CC00202D1B /* DatePickerViewControllerFetchMethod.swift in Sources */ = {isa = PBXBuildFile; fileRef = FC0CCE882C6109CC00202D1B /* DatePickerViewControllerFetchMethod.swift */; };
		FC0CCE8C2C614F9300202D1B /* TranslateRequest.swift in Sources */ = {isa = PBXBuildFile; fileRef = FC0CCE8B2C614F9300202D1B /* TranslateRequest.swift */; };
		FC0CCE8E2C61500400202D1B /* TranslateResponse.swift in Sources */ = {isa = PBXBuildFile; fileRef = FC0CCE8D2C61500400202D1B /* TranslateResponse.swift */; };
		FC0CCE902C624A2100202D1B /* NetworkManagerUnsplash.swift in Sources */ = {isa = PBXBuildFile; fileRef = FC0CCE8F2C624A2100202D1B /* NetworkManagerUnsplash.swift */; };
		FC0CCE922C624A7400202D1B /* NetworkManagerNumbers.swift in Sources */ = {isa = PBXBuildFile; fileRef = FC0CCE912C624A7400202D1B /* NetworkManagerNumbers.swift */; };
		FC0CCE942C624AA200202D1B /* NetworkManagerYandex.swift in Sources */ = {isa = PBXBuildFile; fileRef = FC0CCE932C624AA200202D1B /* NetworkManagerYandex.swift */; };
		FC0CCE962C624AD000202D1B /* API.swift in Sources */ = {isa = PBXBuildFile; fileRef = FC0CCE952C624AD000202D1B /* API.swift */; };
		FC0CCE982C624AF300202D1B /* CustomError.swift in Sources */ = {isa = PBXBuildFile; fileRef = FC0CCE972C624AF300202D1B /* CustomError.swift */; };
		FC0CCE9D2C624B4300202D1B /* APIKeys.swift in Sources */ = {isa = PBXBuildFile; fileRef = FC0CCE9C2C624B4300202D1B /* APIKeys.swift */; };
		FC0CCEC82C6FDF0900202D1B /* LanguagesResponse.swift in Sources */ = {isa = PBXBuildFile; fileRef = FC0CCEC72C6FDF0900202D1B /* LanguagesResponse.swift */; };
		FC0CCECA2C6FE26F00202D1B /* DateInformationViewControllerFetchMethod.swift in Sources */ = {isa = PBXBuildFile; fileRef = FC0CCEC92C6FE26F00202D1B /* DateInformationViewControllerFetchMethod.swift */; };
		FC0CCECC2C6FE8D900202D1B /* EmptyRequest.swift in Sources */ = {isa = PBXBuildFile; fileRef = FC0CCECB2C6FE8D900202D1B /* EmptyRequest.swift */; };
		FC0CCECE2C6FF45900202D1B /* DateInformationViewControllerLoaderLogic.swift in Sources */ = {isa = PBXBuildFile; fileRef = FC0CCECD2C6FF45900202D1B /* DateInformationViewControllerLoaderLogic.swift */; };
		FC0CCED22C70B2F900202D1B /* Alert.swift in Sources */ = {isa = PBXBuildFile; fileRef = FC0CCED12C70B2F900202D1B /* Alert.swift */; };
		FC0CCED82C70C8F700202D1B /* screenshot-1-ru.png in Resources */ = {isa = PBXBuildFile; fileRef = FC0CCED62C70C8F700202D1B /* screenshot-1-ru.png */; };
		FC0CCED92C70C8F700202D1B /* screenshot-1-en.png in Resources */ = {isa = PBXBuildFile; fileRef = FC0CCED72C70C8F700202D1B /* screenshot-1-en.png */; };
		FC0CCEDB2C70C97200202D1B /* screenshot-1-en.png in Resources */ = {isa = PBXBuildFile; fileRef = FC0CCEDA2C70C97200202D1B /* screenshot-1-en.png */; };
		FC0CCEDD2C70C9A700202D1B /* screenshot-1-ru.png in Resources */ = {isa = PBXBuildFile; fileRef = FC0CCEDC2C70C9A700202D1B /* screenshot-1-ru.png */; };
		FC0CCEE02C70CA1400202D1B /* screenshot-2.png in Resources */ = {isa = PBXBuildFile; fileRef = FC0CCEDE2C70CA1400202D1B /* screenshot-2.png */; };
		FC0CCEE12C70CA1400202D1B /* screenshot-3.png in Resources */ = {isa = PBXBuildFile; fileRef = FC0CCEDF2C70CA1400202D1B /* screenshot-3.png */; };
		FC0CCEE32C70CA5B00202D1B /* screenshot-3.png in Resources */ = {isa = PBXBuildFile; fileRef = FC0CCEE22C70CA5B00202D1B /* screenshot-3.png */; };
		FC0CCEE52C70CA7C00202D1B /* screenshot-2.png in Resources */ = {isa = PBXBuildFile; fileRef = FC0CCEE42C70CA7C00202D1B /* screenshot-2.png */; };
		FC42D60D2C5E5EB800650093 /* AppDelegate.swift in Sources */ = {isa = PBXBuildFile; fileRef = FC42D60C2C5E5EB800650093 /* AppDelegate.swift */; };
		FC42D60F2C5E5EB800650093 /* SceneDelegate.swift in Sources */ = {isa = PBXBuildFile; fileRef = FC42D60E2C5E5EB800650093 /* SceneDelegate.swift */; };
		FC42D6162C5E5EBA00650093 /* Assets.xcassets in Resources */ = {isa = PBXBuildFile; fileRef = FC42D6152C5E5EBA00650093 /* Assets.xcassets */; };
		FC42D6192C5E5EBA00650093 /* Base in Resources */ = {isa = PBXBuildFile; fileRef = FC42D6182C5E5EBA00650093 /* Base */; };
		FC42D6252C5E618E00650093 /* DatePickerViewController.swift in Sources */ = {isa = PBXBuildFile; fileRef = FC42D6242C5E618E00650093 /* DatePickerViewController.swift */; };
		FC42D6282C5E621600650093 /* SnapKit in Frameworks */ = {isa = PBXBuildFile; productRef = FC42D6272C5E621600650093 /* SnapKit */; };
/* End PBXBuildFile section */

/* Begin PBXFileReference section */
		FC0CCE5F2C5E672F00202D1B /* Localizable.xcstrings */ = {isa = PBXFileReference; lastKnownFileType = text.json.xcstrings; path = Localizable.xcstrings; sourceTree = "<group>"; };
		FC0CCE642C5E676B00202D1B /* en */ = {isa = PBXFileReference; lastKnownFileType = text.plist.strings; name = en; path = en.lproj/LaunchScreen.strings; sourceTree = "<group>"; };
		FC0CCE662C5E697E00202D1B /* DatePickerViewControllerConfigure.swift */ = {isa = PBXFileReference; lastKnownFileType = sourcecode.swift; path = DatePickerViewControllerConfigure.swift; sourceTree = "<group>"; };
		FC0CCE682C5EBC1A00202D1B /* CustomButton.swift */ = {isa = PBXFileReference; lastKnownFileType = sourcecode.swift; path = CustomButton.swift; sourceTree = "<group>"; };
		FC0CCE6B2C5ECB4700202D1B /* DateInformationViewController.swift */ = {isa = PBXFileReference; lastKnownFileType = sourcecode.swift; path = DateInformationViewController.swift; sourceTree = "<group>"; };
		FC0CCE6E2C5ECD1600202D1B /* NetworkManager.swift */ = {isa = PBXFileReference; lastKnownFileType = sourcecode.swift; path = NetworkManager.swift; sourceTree = "<group>"; };
		FC0CCE752C5EE3F400202D1B /* BaseViewController.swift */ = {isa = PBXFileReference; lastKnownFileType = sourcecode.swift; path = BaseViewController.swift; sourceTree = "<group>"; };
		FC0CCE7D2C5F889700202D1B /* DateInformationViewControllerConfigure.swift */ = {isa = PBXFileReference; lastKnownFileType = sourcecode.swift; path = DateInformationViewControllerConfigure.swift; sourceTree = "<group>"; };
		FC0CCE802C61038E00202D1B /* UnsplashResponse.swift */ = {isa = PBXFileReference; lastKnownFileType = sourcecode.swift; path = UnsplashResponse.swift; sourceTree = "<group>"; };
		FC0CCE862C61098500202D1B /* DatePickerViewControllerLoaderLogic.swift */ = {isa = PBXFileReference; lastKnownFileType = sourcecode.swift; path = DatePickerViewControllerLoaderLogic.swift; sourceTree = "<group>"; };
		FC0CCE882C6109CC00202D1B /* DatePickerViewControllerFetchMethod.swift */ = {isa = PBXFileReference; lastKnownFileType = sourcecode.swift; path = DatePickerViewControllerFetchMethod.swift; sourceTree = "<group>"; };
		FC0CCE8B2C614F9300202D1B /* TranslateRequest.swift */ = {isa = PBXFileReference; lastKnownFileType = sourcecode.swift; path = TranslateRequest.swift; sourceTree = "<group>"; };
		FC0CCE8D2C61500400202D1B /* TranslateResponse.swift */ = {isa = PBXFileReference; lastKnownFileType = sourcecode.swift; path = TranslateResponse.swift; sourceTree = "<group>"; };
		FC0CCE8F2C624A2100202D1B /* NetworkManagerUnsplash.swift */ = {isa = PBXFileReference; lastKnownFileType = sourcecode.swift; path = NetworkManagerUnsplash.swift; sourceTree = "<group>"; };
		FC0CCE912C624A7400202D1B /* NetworkManagerNumbers.swift */ = {isa = PBXFileReference; lastKnownFileType = sourcecode.swift; path = NetworkManagerNumbers.swift; sourceTree = "<group>"; };
		FC0CCE932C624AA200202D1B /* NetworkManagerYandex.swift */ = {isa = PBXFileReference; lastKnownFileType = sourcecode.swift; path = NetworkManagerYandex.swift; sourceTree = "<group>"; };
		FC0CCE952C624AD000202D1B /* API.swift */ = {isa = PBXFileReference; lastKnownFileType = sourcecode.swift; path = API.swift; sourceTree = "<group>"; };
		FC0CCE972C624AF300202D1B /* CustomError.swift */ = {isa = PBXFileReference; lastKnownFileType = sourcecode.swift; path = CustomError.swift; sourceTree = "<group>"; };
		FC0CCE9C2C624B4300202D1B /* APIKeys.swift */ = {isa = PBXFileReference; lastKnownFileType = sourcecode.swift; path = APIKeys.swift; sourceTree = "<group>"; };
		FC0CCEC72C6FDF0900202D1B /* LanguagesResponse.swift */ = {isa = PBXFileReference; lastKnownFileType = sourcecode.swift; path = LanguagesResponse.swift; sourceTree = "<group>"; };
		FC0CCEC92C6FE26F00202D1B /* DateInformationViewControllerFetchMethod.swift */ = {isa = PBXFileReference; lastKnownFileType = sourcecode.swift; path = DateInformationViewControllerFetchMethod.swift; sourceTree = "<group>"; };
		FC0CCECB2C6FE8D900202D1B /* EmptyRequest.swift */ = {isa = PBXFileReference; lastKnownFileType = sourcecode.swift; path = EmptyRequest.swift; sourceTree = "<group>"; };
		FC0CCECD2C6FF45900202D1B /* DateInformationViewControllerLoaderLogic.swift */ = {isa = PBXFileReference; lastKnownFileType = sourcecode.swift; path = DateInformationViewControllerLoaderLogic.swift; sourceTree = "<group>"; };
		FC0CCED12C70B2F900202D1B /* Alert.swift */ = {isa = PBXFileReference; lastKnownFileType = sourcecode.swift; path = Alert.swift; sourceTree = "<group>"; };
		FC0CCED62C70C8F700202D1B /* screenshot-1-ru.png */ = {isa = PBXFileReference; lastKnownFileType = image.png; name = "screenshot-1-ru.png"; path = "../../../../Screenshots/screenshot-1-ru.png"; sourceTree = "<group>"; };
		FC0CCED72C70C8F700202D1B /* screenshot-1-en.png */ = {isa = PBXFileReference; lastKnownFileType = image.png; name = "screenshot-1-en.png"; path = "../../../../Screenshots/screenshot-1-en.png"; sourceTree = "<group>"; };
		FC0CCEDA2C70C97200202D1B /* screenshot-1-en.png */ = {isa = PBXFileReference; lastKnownFileType = image.png; name = "screenshot-1-en.png"; path = "../../../../../../../var/folders/24/40g8n5750ygcplr_4bv24qym0000gn/T/TemporaryItems/NSIRD_screencaptureui_ioNJeS/screenshot-1-en.png"; sourceTree = "<group>"; };
		FC0CCEDC2C70C9A700202D1B /* screenshot-1-ru.png */ = {isa = PBXFileReference; lastKnownFileType = image.png; name = "screenshot-1-ru.png"; path = "../../../../../../../var/folders/24/40g8n5750ygcplr_4bv24qym0000gn/T/TemporaryItems/NSIRD_screencaptureui_kJmA3N/screenshot-1-ru.png"; sourceTree = "<group>"; };
		FC0CCEDE2C70CA1400202D1B /* screenshot-2.png */ = {isa = PBXFileReference; lastKnownFileType = image.png; name = "screenshot-2.png"; path = "../../../../Screenshots/screenshot-2.png"; sourceTree = "<group>"; };
		FC0CCEDF2C70CA1400202D1B /* screenshot-3.png */ = {isa = PBXFileReference; lastKnownFileType = image.png; name = "screenshot-3.png"; path = "../../../../Screenshots/screenshot-3.png"; sourceTree = "<group>"; };
		FC0CCEE22C70CA5B00202D1B /* screenshot-3.png */ = {isa = PBXFileReference; lastKnownFileType = image.png; name = "screenshot-3.png"; path = "../../../../../../../var/folders/24/40g8n5750ygcplr_4bv24qym0000gn/T/TemporaryItems/NSIRD_screencaptureui_EeSP5H/screenshot-3.png"; sourceTree = "<group>"; };
		FC0CCEE42C70CA7C00202D1B /* screenshot-2.png */ = {isa = PBXFileReference; lastKnownFileType = image.png; name = "screenshot-2.png"; path = "../../../../../../../var/folders/24/40g8n5750ygcplr_4bv24qym0000gn/T/TemporaryItems/NSIRD_screencaptureui_Ppgnhy/screenshot-2.png"; sourceTree = "<group>"; };
		FC42D6092C5E5EB800650093 /* WhatTheDay.app */ = {isa = PBXFileReference; explicitFileType = wrapper.application; includeInIndex = 0; path = WhatTheDay.app; sourceTree = BUILT_PRODUCTS_DIR; };
		FC42D60C2C5E5EB800650093 /* AppDelegate.swift */ = {isa = PBXFileReference; lastKnownFileType = sourcecode.swift; path = AppDelegate.swift; sourceTree = "<group>"; };
		FC42D60E2C5E5EB800650093 /* SceneDelegate.swift */ = {isa = PBXFileReference; lastKnownFileType = sourcecode.swift; path = SceneDelegate.swift; sourceTree = "<group>"; };
		FC42D6152C5E5EBA00650093 /* Assets.xcassets */ = {isa = PBXFileReference; lastKnownFileType = folder.assetcatalog; path = Assets.xcassets; sourceTree = "<group>"; };
		FC42D6182C5E5EBA00650093 /* Base */ = {isa = PBXFileReference; lastKnownFileType = file.storyboard; name = Base; path = Base.lproj/LaunchScreen.storyboard; sourceTree = "<group>"; };
		FC42D61A2C5E5EBA00650093 /* Info.plist */ = {isa = PBXFileReference; lastKnownFileType = text.plist.xml; path = Info.plist; sourceTree = "<group>"; };
		FC42D6242C5E618E00650093 /* DatePickerViewController.swift */ = {isa = PBXFileReference; lastKnownFileType = sourcecode.swift; path = DatePickerViewController.swift; sourceTree = "<group>"; };
/* End PBXFileReference section */

/* Begin PBXFrameworksBuildPhase section */
		FC42D6062C5E5EB800650093 /* Frameworks */ = {
			isa = PBXFrameworksBuildPhase;
			buildActionMask = 2147483647;
			files = (
				FC42D6282C5E621600650093 /* SnapKit in Frameworks */,
			);
			runOnlyForDeploymentPostprocessing = 0;
		};
/* End PBXFrameworksBuildPhase section */

/* Begin PBXGroup section */
		FC0CCE652C5E692B00202D1B /* DatePicker */ = {
			isa = PBXGroup;
			children = (
				FC42D6242C5E618E00650093 /* DatePickerViewController.swift */,
				FC0CCE662C5E697E00202D1B /* DatePickerViewControllerConfigure.swift */,
				FC0CCE862C61098500202D1B /* DatePickerViewControllerLoaderLogic.swift */,
				FC0CCE882C6109CC00202D1B /* DatePickerViewControllerFetchMethod.swift */,
			);
			path = DatePicker;
			sourceTree = "<group>";
		};
		FC0CCE6A2C5ECACD00202D1B /* DateInformation */ = {
			isa = PBXGroup;
			children = (
				FC0CCE6B2C5ECB4700202D1B /* DateInformationViewController.swift */,
				FC0CCE7D2C5F889700202D1B /* DateInformationViewControllerConfigure.swift */,
				FC0CCECD2C6FF45900202D1B /* DateInformationViewControllerLoaderLogic.swift */,
				FC0CCEC92C6FE26F00202D1B /* DateInformationViewControllerFetchMethod.swift */,
			);
			path = DateInformation;
			sourceTree = "<group>";
		};
		FC0CCE6D2C5ECD0700202D1B /* Network */ = {
			isa = PBXGroup;
			children = (
				FC0CCE9A2C624B1D00202D1B /* Error */,
				FC0CCE9B2C624B2600202D1B /* API */,
				FC0CCE992C624B0A00202D1B /* NetworkManager */,
			);
			path = Network;
			sourceTree = "<group>";
		};
		FC0CCE7F2C60FBEE00202D1B /* Unsplash */ = {
			isa = PBXGroup;
			children = (
				FC0CCE802C61038E00202D1B /* UnsplashResponse.swift */,
			);
			path = Unsplash;
			sourceTree = "<group>";
		};
		FC0CCE8A2C614F7D00202D1B /* YandexTranslate */ = {
			isa = PBXGroup;
			children = (
				FC0CCE8B2C614F9300202D1B /* TranslateRequest.swift */,
				FC0CCE8D2C61500400202D1B /* TranslateResponse.swift */,
				FC0CCECB2C6FE8D900202D1B /* EmptyRequest.swift */,
				FC0CCEC72C6FDF0900202D1B /* LanguagesResponse.swift */,
			);
			path = YandexTranslate;
			sourceTree = "<group>";
		};
		FC0CCE992C624B0A00202D1B /* NetworkManager */ = {
			isa = PBXGroup;
			children = (
				FC0CCE6E2C5ECD1600202D1B /* NetworkManager.swift */,
				FC0CCE912C624A7400202D1B /* NetworkManagerNumbers.swift */,
				FC0CCE8F2C624A2100202D1B /* NetworkManagerUnsplash.swift */,
				FC0CCE932C624AA200202D1B /* NetworkManagerYandex.swift */,
			);
			path = NetworkManager;
			sourceTree = "<group>";
		};
		FC0CCE9A2C624B1D00202D1B /* Error */ = {
			isa = PBXGroup;
			children = (
				FC0CCE972C624AF300202D1B /* CustomError.swift */,
			);
			path = Error;
			sourceTree = "<group>";
		};
		FC0CCE9B2C624B2600202D1B /* API */ = {
			isa = PBXGroup;
			children = (
				FC0CCE952C624AD000202D1B /* API.swift */,
				FC0CCE9C2C624B4300202D1B /* APIKeys.swift */,
			);
			path = API;
			sourceTree = "<group>";
		};
		FC0CCED32C70C6F600202D1B /* screenshots */ = {
			isa = PBXGroup;
			children = (
				FC0CCED42C70C70200202D1B /* LightTheme */,
				FC0CCED52C70C70E00202D1B /* DarkTheme */,
			);
			path = screenshots;
			sourceTree = "<group>";
		};
		FC0CCED42C70C70200202D1B /* LightTheme */ = {
			isa = PBXGroup;
			children = (
				FC0CCED62C70C8F700202D1B /* screenshot-1-ru.png */,
				FC0CCEE42C70CA7C00202D1B /* screenshot-2.png */,
				FC0CCED72C70C8F700202D1B /* screenshot-1-en.png */,
				FC0CCEE22C70CA5B00202D1B /* screenshot-3.png */,
			);
			path = LightTheme;
			sourceTree = "<group>";
		};
		FC0CCED52C70C70E00202D1B /* DarkTheme */ = {
			isa = PBXGroup;
			children = (
				FC0CCEDE2C70CA1400202D1B /* screenshot-2.png */,
				FC0CCEDF2C70CA1400202D1B /* screenshot-3.png */,
				FC0CCEDC2C70C9A700202D1B /* screenshot-1-ru.png */,
				FC0CCEDA2C70C97200202D1B /* screenshot-1-en.png */,
			);
			path = DarkTheme;
			sourceTree = "<group>";
		};
		FC42D6002C5E5EB700650093 = {
			isa = PBXGroup;
			children = (
				FC42D60B2C5E5EB800650093 /* WhatTheDay */,
				FC0CCED32C70C6F600202D1B /* screenshots */,
				FC42D60A2C5E5EB800650093 /* Products */,
			);
			sourceTree = "<group>";
		};
		FC42D60A2C5E5EB800650093 /* Products */ = {
			isa = PBXGroup;
			children = (
				FC42D6092C5E5EB800650093 /* WhatTheDay.app */,
			);
			name = Products;
			sourceTree = "<group>";
		};
		FC42D60B2C5E5EB800650093 /* WhatTheDay */ = {
			isa = PBXGroup;
			children = (
				FC42D6202C5E60A100650093 /* App */,
				FC42D6232C5E60E700650093 /* Models */,
				FC42D6222C5E60CD00650093 /* Views */,
				FC42D6212C5E60B100650093 /* Resourses */,
			);
			path = WhatTheDay;
			sourceTree = "<group>";
		};
		FC42D6202C5E60A100650093 /* App */ = {
			isa = PBXGroup;
			children = (
				FC42D60C2C5E5EB800650093 /* AppDelegate.swift */,
				FC42D60E2C5E5EB800650093 /* SceneDelegate.swift */,
			);
			path = App;
			sourceTree = "<group>";
		};
		FC42D6212C5E60B100650093 /* Resourses */ = {
			isa = PBXGroup;
			children = (
				FC42D6152C5E5EBA00650093 /* Assets.xcassets */,
				FC42D61A2C5E5EBA00650093 /* Info.plist */,
				FC0CCE5F2C5E672F00202D1B /* Localizable.xcstrings */,
			);
			path = Resourses;
			sourceTree = "<group>";
		};
		FC42D6222C5E60CD00650093 /* Views */ = {
			isa = PBXGroup;
			children = (
				FC42D62B2C5E632400650093 /* Screens */,
				FC42D6292C5E622B00650093 /* Components */,
			);
			path = Views;
			sourceTree = "<group>";
		};
		FC42D6232C5E60E700650093 /* Models */ = {
			isa = PBXGroup;
			children = (
				FC0CCE8A2C614F7D00202D1B /* YandexTranslate */,
				FC0CCE7F2C60FBEE00202D1B /* Unsplash */,
				FC0CCE6D2C5ECD0700202D1B /* Network */,
			);
			path = Models;
			sourceTree = "<group>";
		};
		FC42D6292C5E622B00650093 /* Components */ = {
			isa = PBXGroup;
			children = (
				FC0CCE752C5EE3F400202D1B /* BaseViewController.swift */,
				FC0CCE682C5EBC1A00202D1B /* CustomButton.swift */,
				FC0CCED12C70B2F900202D1B /* Alert.swift */,
			);
			path = Components;
			sourceTree = "<group>";
		};
		FC42D62B2C5E632400650093 /* Screens */ = {
			isa = PBXGroup;
			children = (
				FC0CCE6A2C5ECACD00202D1B /* DateInformation */,
				FC0CCE652C5E692B00202D1B /* DatePicker */,
				FC42D6172C5E5EBA00650093 /* LaunchScreen.storyboard */,
			);
			path = Screens;
			sourceTree = "<group>";
		};
/* End PBXGroup section */

/* Begin PBXNativeTarget section */
		FC42D6082C5E5EB800650093 /* WhatTheDay */ = {
			isa = PBXNativeTarget;
			buildConfigurationList = FC42D61D2C5E5EBA00650093 /* Build configuration list for PBXNativeTarget "WhatTheDay" */;
			buildPhases = (
				FC42D6052C5E5EB800650093 /* Sources */,
				FC42D6062C5E5EB800650093 /* Frameworks */,
				FC42D6072C5E5EB800650093 /* Resources */,
			);
			buildRules = (
			);
			dependencies = (
			);
			name = WhatTheDay;
			packageProductDependencies = (
				FC42D6272C5E621600650093 /* SnapKit */,
			);
			productName = WhatTheDay;
			productReference = FC42D6092C5E5EB800650093 /* WhatTheDay.app */;
			productType = "com.apple.product-type.application";
		};
/* End PBXNativeTarget section */

/* Begin PBXProject section */
		FC42D6012C5E5EB700650093 /* Project object */ = {
			isa = PBXProject;
			attributes = {
				BuildIndependentTargetsInParallel = 1;
				LastSwiftUpdateCheck = 1540;
				LastUpgradeCheck = 1540;
				TargetAttributes = {
					FC42D6082C5E5EB800650093 = {
						CreatedOnToolsVersion = 15.4;
					};
				};
			};
			buildConfigurationList = FC42D6042C5E5EB700650093 /* Build configuration list for PBXProject "WhatTheDay" */;
			compatibilityVersion = "Xcode 14.0";
			developmentRegion = en;
			hasScannedForEncodings = 0;
			knownRegions = (
				en,
				Base,
				ru,
			);
			mainGroup = FC42D6002C5E5EB700650093;
			packageReferences = (
				FC42D6262C5E621600650093 /* XCRemoteSwiftPackageReference "SnapKit" */,
			);
			productRefGroup = FC42D60A2C5E5EB800650093 /* Products */;
			projectDirPath = "";
			projectRoot = "";
			targets = (
				FC42D6082C5E5EB800650093 /* WhatTheDay */,
			);
		};
/* End PBXProject section */

/* Begin PBXResourcesBuildPhase section */
		FC42D6072C5E5EB800650093 /* Resources */ = {
			isa = PBXResourcesBuildPhase;
			buildActionMask = 2147483647;
			files = (
				FC0CCED82C70C8F700202D1B /* screenshot-1-ru.png in Resources */,
				FC42D6162C5E5EBA00650093 /* Assets.xcassets in Resources */,
				FC42D6192C5E5EBA00650093 /* Base in Resources */,
				FC0CCEE32C70CA5B00202D1B /* screenshot-3.png in Resources */,
				FC0CCEDB2C70C97200202D1B /* screenshot-1-en.png in Resources */,
				FC0CCEDD2C70C9A700202D1B /* screenshot-1-ru.png in Resources */,
				FC0CCED92C70C8F700202D1B /* screenshot-1-en.png in Resources */,
				FC0CCEE12C70CA1400202D1B /* screenshot-3.png in Resources */,
				FC0CCEE02C70CA1400202D1B /* screenshot-2.png in Resources */,
				FC0CCE602C5E672F00202D1B /* Localizable.xcstrings in Resources */,
				FC0CCEE52C70CA7C00202D1B /* screenshot-2.png in Resources */,
			);
			runOnlyForDeploymentPostprocessing = 0;
		};
/* End PBXResourcesBuildPhase section */

/* Begin PBXSourcesBuildPhase section */
		FC42D6052C5E5EB800650093 /* Sources */ = {
			isa = PBXSourcesBuildPhase;
			buildActionMask = 2147483647;
			files = (
				FC0CCE9D2C624B4300202D1B /* APIKeys.swift in Sources */,
				FC42D60D2C5E5EB800650093 /* AppDelegate.swift in Sources */,
				FC42D60F2C5E5EB800650093 /* SceneDelegate.swift in Sources */,
				FC0CCE902C624A2100202D1B /* NetworkManagerUnsplash.swift in Sources */,
				FC0CCE7E2C5F889700202D1B /* DateInformationViewControllerConfigure.swift in Sources */,
				FC42D6252C5E618E00650093 /* DatePickerViewController.swift in Sources */,
				FC0CCEC82C6FDF0900202D1B /* LanguagesResponse.swift in Sources */,
				FC0CCE812C61038E00202D1B /* UnsplashResponse.swift in Sources */,
				FC0CCED22C70B2F900202D1B /* Alert.swift in Sources */,
				FC0CCE922C624A7400202D1B /* NetworkManagerNumbers.swift in Sources */,
				FC0CCE6F2C5ECD1600202D1B /* NetworkManager.swift in Sources */,
				FC0CCE762C5EE3F400202D1B /* BaseViewController.swift in Sources */,
				FC0CCE892C6109CC00202D1B /* DatePickerViewControllerFetchMethod.swift in Sources */,
				FC0CCE872C61098500202D1B /* DatePickerViewControllerLoaderLogic.swift in Sources */,
				FC0CCECC2C6FE8D900202D1B /* EmptyRequest.swift in Sources */,
				FC0CCECA2C6FE26F00202D1B /* DateInformationViewControllerFetchMethod.swift in Sources */,
				FC0CCE8C2C614F9300202D1B /* TranslateRequest.swift in Sources */,
				FC0CCE982C624AF300202D1B /* CustomError.swift in Sources */,
				FC0CCE962C624AD000202D1B /* API.swift in Sources */,
				FC0CCE672C5E697E00202D1B /* DatePickerViewControllerConfigure.swift in Sources */,
				FC0CCE942C624AA200202D1B /* NetworkManagerYandex.swift in Sources */,
				FC0CCE692C5EBC1A00202D1B /* CustomButton.swift in Sources */,
				FC0CCE6C2C5ECB4700202D1B /* DateInformationViewController.swift in Sources */,
				FC0CCE8E2C61500400202D1B /* TranslateResponse.swift in Sources */,
				FC0CCECE2C6FF45900202D1B /* DateInformationViewControllerLoaderLogic.swift in Sources */,
			);
			runOnlyForDeploymentPostprocessing = 0;
		};
/* End PBXSourcesBuildPhase section */

/* Begin PBXVariantGroup section */
		FC42D6172C5E5EBA00650093 /* LaunchScreen.storyboard */ = {
			isa = PBXVariantGroup;
			children = (
				FC42D6182C5E5EBA00650093 /* Base */,
				FC0CCE642C5E676B00202D1B /* en */,
			);
			name = LaunchScreen.storyboard;
			sourceTree = "<group>";
		};
/* End PBXVariantGroup section */

/* Begin XCBuildConfiguration section */
		FC42D61B2C5E5EBA00650093 /* Debug */ = {
			isa = XCBuildConfiguration;
			buildSettings = {
				ALWAYS_SEARCH_USER_PATHS = NO;
				ASSETCATALOG_COMPILER_GENERATE_SWIFT_ASSET_SYMBOL_EXTENSIONS = YES;
				CLANG_ANALYZER_LOCALIZABILITY_NONLOCALIZED = YES;
				CLANG_ANALYZER_NONNULL = YES;
				CLANG_ANALYZER_NUMBER_OBJECT_CONVERSION = YES_AGGRESSIVE;
				CLANG_CXX_LANGUAGE_STANDARD = "gnu++20";
				CLANG_ENABLE_MODULES = YES;
				CLANG_ENABLE_OBJC_ARC = YES;
				CLANG_ENABLE_OBJC_WEAK = YES;
				CLANG_WARN_BLOCK_CAPTURE_AUTORELEASING = YES;
				CLANG_WARN_BOOL_CONVERSION = YES;
				CLANG_WARN_COMMA = YES;
				CLANG_WARN_CONSTANT_CONVERSION = YES;
				CLANG_WARN_DEPRECATED_OBJC_IMPLEMENTATIONS = YES;
				CLANG_WARN_DIRECT_OBJC_ISA_USAGE = YES_ERROR;
				CLANG_WARN_DOCUMENTATION_COMMENTS = YES;
				CLANG_WARN_EMPTY_BODY = YES;
				CLANG_WARN_ENUM_CONVERSION = YES;
				CLANG_WARN_INFINITE_RECURSION = YES;
				CLANG_WARN_INT_CONVERSION = YES;
				CLANG_WARN_NON_LITERAL_NULL_CONVERSION = YES;
				CLANG_WARN_OBJC_IMPLICIT_RETAIN_SELF = YES;
				CLANG_WARN_OBJC_LITERAL_CONVERSION = YES;
				CLANG_WARN_OBJC_ROOT_CLASS = YES_ERROR;
				CLANG_WARN_QUOTED_INCLUDE_IN_FRAMEWORK_HEADER = YES;
				CLANG_WARN_RANGE_LOOP_ANALYSIS = YES;
				CLANG_WARN_STRICT_PROTOTYPES = YES;
				CLANG_WARN_SUSPICIOUS_MOVE = YES;
				CLANG_WARN_UNGUARDED_AVAILABILITY = YES_AGGRESSIVE;
				CLANG_WARN_UNREACHABLE_CODE = YES;
				CLANG_WARN__DUPLICATE_METHOD_MATCH = YES;
				COPY_PHASE_STRIP = NO;
				DEBUG_INFORMATION_FORMAT = dwarf;
				ENABLE_STRICT_OBJC_MSGSEND = YES;
				ENABLE_TESTABILITY = YES;
				ENABLE_USER_SCRIPT_SANDBOXING = YES;
				GCC_C_LANGUAGE_STANDARD = gnu17;
				GCC_DYNAMIC_NO_PIC = NO;
				GCC_NO_COMMON_BLOCKS = YES;
				GCC_OPTIMIZATION_LEVEL = 0;
				GCC_PREPROCESSOR_DEFINITIONS = (
					"DEBUG=1",
					"$(inherited)",
				);
				GCC_WARN_64_TO_32_BIT_CONVERSION = YES;
				GCC_WARN_ABOUT_RETURN_TYPE = YES_ERROR;
				GCC_WARN_UNDECLARED_SELECTOR = YES;
				GCC_WARN_UNINITIALIZED_AUTOS = YES_AGGRESSIVE;
				GCC_WARN_UNUSED_FUNCTION = YES;
				GCC_WARN_UNUSED_VARIABLE = YES;
				IPHONEOS_DEPLOYMENT_TARGET = 16.0;
				LOCALIZATION_PREFERS_STRING_CATALOGS = YES;
				MTL_ENABLE_DEBUG_INFO = INCLUDE_SOURCE;
				MTL_FAST_MATH = YES;
				ONLY_ACTIVE_ARCH = YES;
				SDKROOT = iphoneos;
				SWIFT_ACTIVE_COMPILATION_CONDITIONS = "DEBUG $(inherited)";
				SWIFT_OPTIMIZATION_LEVEL = "-Onone";
			};
			name = Debug;
		};
		FC42D61C2C5E5EBA00650093 /* Release */ = {
			isa = XCBuildConfiguration;
			buildSettings = {
				ALWAYS_SEARCH_USER_PATHS = NO;
				ASSETCATALOG_COMPILER_GENERATE_SWIFT_ASSET_SYMBOL_EXTENSIONS = YES;
				CLANG_ANALYZER_LOCALIZABILITY_NONLOCALIZED = YES;
				CLANG_ANALYZER_NONNULL = YES;
				CLANG_ANALYZER_NUMBER_OBJECT_CONVERSION = YES_AGGRESSIVE;
				CLANG_CXX_LANGUAGE_STANDARD = "gnu++20";
				CLANG_ENABLE_MODULES = YES;
				CLANG_ENABLE_OBJC_ARC = YES;
				CLANG_ENABLE_OBJC_WEAK = YES;
				CLANG_WARN_BLOCK_CAPTURE_AUTORELEASING = YES;
				CLANG_WARN_BOOL_CONVERSION = YES;
				CLANG_WARN_COMMA = YES;
				CLANG_WARN_CONSTANT_CONVERSION = YES;
				CLANG_WARN_DEPRECATED_OBJC_IMPLEMENTATIONS = YES;
				CLANG_WARN_DIRECT_OBJC_ISA_USAGE = YES_ERROR;
				CLANG_WARN_DOCUMENTATION_COMMENTS = YES;
				CLANG_WARN_EMPTY_BODY = YES;
				CLANG_WARN_ENUM_CONVERSION = YES;
				CLANG_WARN_INFINITE_RECURSION = YES;
				CLANG_WARN_INT_CONVERSION = YES;
				CLANG_WARN_NON_LITERAL_NULL_CONVERSION = YES;
				CLANG_WARN_OBJC_IMPLICIT_RETAIN_SELF = YES;
				CLANG_WARN_OBJC_LITERAL_CONVERSION = YES;
				CLANG_WARN_OBJC_ROOT_CLASS = YES_ERROR;
				CLANG_WARN_QUOTED_INCLUDE_IN_FRAMEWORK_HEADER = YES;
				CLANG_WARN_RANGE_LOOP_ANALYSIS = YES;
				CLANG_WARN_STRICT_PROTOTYPES = YES;
				CLANG_WARN_SUSPICIOUS_MOVE = YES;
				CLANG_WARN_UNGUARDED_AVAILABILITY = YES_AGGRESSIVE;
				CLANG_WARN_UNREACHABLE_CODE = YES;
				CLANG_WARN__DUPLICATE_METHOD_MATCH = YES;
				COPY_PHASE_STRIP = NO;
				DEBUG_INFORMATION_FORMAT = "dwarf-with-dsym";
				ENABLE_NS_ASSERTIONS = NO;
				ENABLE_STRICT_OBJC_MSGSEND = YES;
				ENABLE_USER_SCRIPT_SANDBOXING = YES;
				GCC_C_LANGUAGE_STANDARD = gnu17;
				GCC_NO_COMMON_BLOCKS = YES;
				GCC_WARN_64_TO_32_BIT_CONVERSION = YES;
				GCC_WARN_ABOUT_RETURN_TYPE = YES_ERROR;
				GCC_WARN_UNDECLARED_SELECTOR = YES;
				GCC_WARN_UNINITIALIZED_AUTOS = YES_AGGRESSIVE;
				GCC_WARN_UNUSED_FUNCTION = YES;
				GCC_WARN_UNUSED_VARIABLE = YES;
				IPHONEOS_DEPLOYMENT_TARGET = 16.0;
				LOCALIZATION_PREFERS_STRING_CATALOGS = YES;
				MTL_ENABLE_DEBUG_INFO = NO;
				MTL_FAST_MATH = YES;
				SDKROOT = iphoneos;
				SWIFT_COMPILATION_MODE = wholemodule;
				VALIDATE_PRODUCT = YES;
			};
			name = Release;
		};
		FC42D61E2C5E5EBA00650093 /* Debug */ = {
			isa = XCBuildConfiguration;
			buildSettings = {
				ASSETCATALOG_COMPILER_APPICON_NAME = AppIcon;
				ASSETCATALOG_COMPILER_GLOBAL_ACCENT_COLOR_NAME = AccentColor;
				CODE_SIGN_STYLE = Automatic;
				CURRENT_PROJECT_VERSION = 1;
				DEVELOPMENT_TEAM = BUF892U9LY;
				GENERATE_INFOPLIST_FILE = YES;
				INFOPLIST_FILE = WhatTheDay/Resourses/Info.plist;
				INFOPLIST_KEY_UIApplicationSupportsIndirectInputEvents = YES;
				INFOPLIST_KEY_UILaunchStoryboardName = LaunchScreen;
				INFOPLIST_KEY_UISupportedInterfaceOrientations_iPad = "UIInterfaceOrientationPortrait UIInterfaceOrientationPortraitUpsideDown UIInterfaceOrientationLandscapeLeft UIInterfaceOrientationLandscapeRight";
				INFOPLIST_KEY_UISupportedInterfaceOrientations_iPhone = "UIInterfaceOrientationPortrait UIInterfaceOrientationLandscapeLeft UIInterfaceOrientationLandscapeRight";
				LD_RUNPATH_SEARCH_PATHS = (
					"$(inherited)",
					"@executable_path/Frameworks",
				);
				MARKETING_VERSION = 1.0;
				PRODUCT_BUNDLE_IDENTIFIER = pet.WhatTheDay;
				PRODUCT_NAME = "$(TARGET_NAME)";
				SWIFT_EMIT_LOC_STRINGS = YES;
				SWIFT_VERSION = 5.0;
				TARGETED_DEVICE_FAMILY = "1,2";
			};
			name = Debug;
		};
		FC42D61F2C5E5EBA00650093 /* Release */ = {
			isa = XCBuildConfiguration;
			buildSettings = {
				ASSETCATALOG_COMPILER_APPICON_NAME = AppIcon;
				ASSETCATALOG_COMPILER_GLOBAL_ACCENT_COLOR_NAME = AccentColor;
				CODE_SIGN_STYLE = Automatic;
				CURRENT_PROJECT_VERSION = 1;
				DEVELOPMENT_TEAM = BUF892U9LY;
				GENERATE_INFOPLIST_FILE = YES;
				INFOPLIST_FILE = WhatTheDay/Resourses/Info.plist;
				INFOPLIST_KEY_UIApplicationSupportsIndirectInputEvents = YES;
				INFOPLIST_KEY_UILaunchStoryboardName = LaunchScreen;
				INFOPLIST_KEY_UISupportedInterfaceOrientations_iPad = "UIInterfaceOrientationPortrait UIInterfaceOrientationPortraitUpsideDown UIInterfaceOrientationLandscapeLeft UIInterfaceOrientationLandscapeRight";
				INFOPLIST_KEY_UISupportedInterfaceOrientations_iPhone = "UIInterfaceOrientationPortrait UIInterfaceOrientationLandscapeLeft UIInterfaceOrientationLandscapeRight";
				LD_RUNPATH_SEARCH_PATHS = (
					"$(inherited)",
					"@executable_path/Frameworks",
				);
				MARKETING_VERSION = 1.0;
				PRODUCT_BUNDLE_IDENTIFIER = pet.WhatTheDay;
				PRODUCT_NAME = "$(TARGET_NAME)";
				SWIFT_EMIT_LOC_STRINGS = YES;
				SWIFT_VERSION = 5.0;
				TARGETED_DEVICE_FAMILY = "1,2";
			};
			name = Release;
		};
/* End XCBuildConfiguration section */

/* Begin XCConfigurationList section */
		FC42D6042C5E5EB700650093 /* Build configuration list for PBXProject "WhatTheDay" */ = {
			isa = XCConfigurationList;
			buildConfigurations = (
				FC42D61B2C5E5EBA00650093 /* Debug */,
				FC42D61C2C5E5EBA00650093 /* Release */,
			);
			defaultConfigurationIsVisible = 0;
			defaultConfigurationName = Release;
		};
		FC42D61D2C5E5EBA00650093 /* Build configuration list for PBXNativeTarget "WhatTheDay" */ = {
			isa = XCConfigurationList;
			buildConfigurations = (
				FC42D61E2C5E5EBA00650093 /* Debug */,
				FC42D61F2C5E5EBA00650093 /* Release */,
			);
			defaultConfigurationIsVisible = 0;
			defaultConfigurationName = Release;
		};
/* End XCConfigurationList section */

/* Begin XCRemoteSwiftPackageReference section */
		FC42D6262C5E621600650093 /* XCRemoteSwiftPackageReference "SnapKit" */ = {
			isa = XCRemoteSwiftPackageReference;
			repositoryURL = "https://github.com/SnapKit/SnapKit";
			requirement = {
				kind = upToNextMajorVersion;
				minimumVersion = 5.7.1;
			};
		};
/* End XCRemoteSwiftPackageReference section */

/* Begin XCSwiftPackageProductDependency section */
		FC42D6272C5E621600650093 /* SnapKit */ = {
			isa = XCSwiftPackageProductDependency;
			package = FC42D6262C5E621600650093 /* XCRemoteSwiftPackageReference "SnapKit" */;
			productName = SnapKit;
		};
/* End XCSwiftPackageProductDependency section */
	};
	rootObject = FC42D6012C5E5EB700650093 /* Project object */;
}
